
Microsoft Visual Studio Solution File, Format Version 12.00
# Visual Studio 2013
VisualStudioVersion = 12.0.21005.1
MinimumVisualStudioVersion = 10.0.40219.1
Project("{FAE04EC0-301F-11D3-BF4B-00C04F79EFBC}") = "Library", "Library\Library.csproj", "{0088ACD2-7F2D-4203-BCBD-A6AAF68EB3DD}"
EndProject
Project("{FAE04EC0-301F-11D3-BF4B-00C04F79EFBC}") = "Server", "Server\Server.csproj", "{757C7D07-2D50-4E23-8E6C-53D8452480AF}"
EndProject
Project("{FAE04EC0-301F-11D3-BF4B-00C04F79EFBC}") = "Demo", "Demo\Demo.csproj", "{C6016406-65B7-4096-85AE-8363252C3AC1}"
EndProject
Project("{FAE04EC0-301F-11D3-BF4B-00C04F79EFBC}") = "Builder", "Builder\Builder.csproj", "{AB6B73EA-F956-4AD2-AC31-481DF7D9A1E9}"
EndProject
Project("{FAE04EC0-301F-11D3-BF4B-00C04F79EFBC}") = "RegressionTest0", "RegressionTest0\RegressionTest0.csproj", "{BC3BDAFA-C591-48D4-8C24-F1ADA020EAC1}"
EndProject
Project("{FAE04EC0-301F-11D3-BF4B-00C04F79EFBC}") = "Salsa", "Salsa\Salsa.csproj", "{D7E2AE5B-6A19-45DC-9E04-5F487DE41248}"
EndProject
Project("{FAE04EC0-301F-11D3-BF4B-00C04F79EFBC}") = "ASP", "ASP\ASP.csproj", "{CE2A1A36-64FB-4FA8-BAB4-9C52EAB1F67F}"
EndProject
Project("{FAE04EC0-301F-11D3-BF4B-00C04F79EFBC}") = "PageRank", "PageRank\PageRank.csproj", "{3EC72D62-6EC6-4334-9743-CAA9B035AB14}"
EndProject
Project("{FAE04EC0-301F-11D3-BF4B-00C04F79EFBC}") = "WCC", "WCC\WCC.csproj", "{1C33FF73-602B-4C5B-A9C2-B224CE5C77A0}"
EndProject
Project("{FAE04EC0-301F-11D3-BF4B-00C04F79EFBC}") = "SCC2", "SCC2\SCC2.csproj", "{FF689A08-3F30-45C6-A3A4-C61C31633700}"
EndProject
Project("{FAE04EC0-301F-11D3-BF4B-00C04F79EFBC}") = "SCC1", "SCC1\SCC1.csproj", "{BE2B1296-84DB-4016-9414-3B5023A7922B}"
EndProject
Project("{FAE04EC0-301F-11D3-BF4B-00C04F79EFBC}") = "ConvertCwGraphToShsInput", "ConvertCwGraphToShsInput\ConvertCwGraphToShsInput.csproj", "{98559E8A-2C75-448F-915B-F067A13CC9EA}"
EndProject
Project("{FAE04EC0-301F-11D3-BF4B-00C04F79EFBC}") = "RegressionTest1", "RegressionTest1\RegressionTest1.csproj", "{4F871614-91A9-47AE-88AF-8CAF519B6F3C}"
EndProject
Project("{FAE04EC0-301F-11D3-BF4B-00C04F79EFBC}") = "RegressionTest2", "RegressionTest2\RegressionTest2.csproj", "{D44E3729-33F0-4A28-9E92-185071567A6A}"
EndProject
Project("{FAE04EC0-301F-11D3-BF4B-00C04F79EFBC}") = "RegressionTest3", "RegressionTest3\RegressionTest3.csproj", "{A5D85D50-D1A6-404A-A275-8D002F8C997E}"
EndProject
Project("{FAE04EC0-301F-11D3-BF4B-00C04F79EFBC}") = "ManageStores", "ManageStores\ManageStores.csproj", "{D7E34D68-5B70-4976-83FD-5E57C87D6605}"
EndProject
Project("{FAE04EC0-301F-11D3-BF4B-00C04F79EFBC}") = "PageRankFT", "PageRankFT\PageRankFT.csproj", "{BA96B1B7-06EB-4749-A505-4F7BA7EF07E3}"
EndProject
Global
	GlobalSection(SolutionConfigurationPlatforms) = preSolution
		Debug|Any CPU = Debug|Any CPU
		Release|Any CPU = Release|Any CPU
	EndGlobalSection
	GlobalSection(ProjectConfigurationPlatforms) = postSolution
		{0088ACD2-7F2D-4203-BCBD-A6AAF68EB3DD}.Debug|Any CPU.ActiveCfg = Debug|Any CPU
		{0088ACD2-7F2D-4203-BCBD-A6AAF68EB3DD}.Debug|Any CPU.Build.0 = Debug|Any CPU
		{0088ACD2-7F2D-4203-BCBD-A6AAF68EB3DD}.Release|Any CPU.ActiveCfg = Release|Any CPU
		{0088ACD2-7F2D-4203-BCBD-A6AAF68EB3DD}.Release|Any CPU.Build.0 = Release|Any CPU
		{757C7D07-2D50-4E23-8E6C-53D8452480AF}.Debug|Any CPU.ActiveCfg = Debug|Any CPU
		{757C7D07-2D50-4E23-8E6C-53D8452480AF}.Debug|Any CPU.Build.0 = Debug|Any CPU
		{757C7D07-2D50-4E23-8E6C-53D8452480AF}.Release|Any CPU.ActiveCfg = Release|Any CPU
		{757C7D07-2D50-4E23-8E6C-53D8452480AF}.Release|Any CPU.Build.0 = Release|Any CPU
		{C6016406-65B7-4096-85AE-8363252C3AC1}.Debug|Any CPU.ActiveCfg = Debug|Any CPU
		{C6016406-65B7-4096-85AE-8363252C3AC1}.Debug|Any CPU.Build.0 = Debug|Any CPU
		{C6016406-65B7-4096-85AE-8363252C3AC1}.Release|Any CPU.ActiveCfg = Release|Any CPU
		{C6016406-65B7-4096-85AE-8363252C3AC1}.Release|Any CPU.Build.0 = Release|Any CPU
		{AB6B73EA-F956-4AD2-AC31-481DF7D9A1E9}.Debug|Any CPU.ActiveCfg = Debug|Any CPU
		{AB6B73EA-F956-4AD2-AC31-481DF7D9A1E9}.Debug|Any CPU.Build.0 = Debug|Any CPU
		{AB6B73EA-F956-4AD2-AC31-481DF7D9A1E9}.Release|Any CPU.ActiveCfg = Release|Any CPU
		{AB6B73EA-F956-4AD2-AC31-481DF7D9A1E9}.Release|Any CPU.Build.0 = Release|Any CPU
		{BC3BDAFA-C591-48D4-8C24-F1ADA020EAC1}.Debug|Any CPU.ActiveCfg = Debug|Any CPU
		{BC3BDAFA-C591-48D4-8C24-F1ADA020EAC1}.Debug|Any CPU.Build.0 = Debug|Any CPU
		{BC3BDAFA-C591-48D4-8C24-F1ADA020EAC1}.Release|Any CPU.ActiveCfg = Release|Any CPU
		{BC3BDAFA-C591-48D4-8C24-F1ADA020EAC1}.Release|Any CPU.Build.0 = Release|Any CPU
		{D7E2AE5B-6A19-45DC-9E04-5F487DE41248}.Debug|Any CPU.ActiveCfg = Debug|Any CPU
		{D7E2AE5B-6A19-45DC-9E04-5F487DE41248}.Debug|Any CPU.Build.0 = Debug|Any CPU
		{D7E2AE5B-6A19-45DC-9E04-5F487DE41248}.Release|Any CPU.ActiveCfg = Release|Any CPU
		{D7E2AE5B-6A19-45DC-9E04-5F487DE41248}.Release|Any CPU.Build.0 = Release|Any CPU
		{CE2A1A36-64FB-4FA8-BAB4-9C52EAB1F67F}.Debug|Any CPU.ActiveCfg = Debug|Any CPU
		{CE2A1A36-64FB-4FA8-BAB4-9C52EAB1F67F}.Debug|Any CPU.Build.0 = Debug|Any CPU
		{CE2A1A36-64FB-4FA8-BAB4-9C52EAB1F67F}.Release|Any CPU.ActiveCfg = Release|Any CPU
		{CE2A1A36-64FB-4FA8-BAB4-9C52EAB1F67F}.Release|Any CPU.Build.0 = Release|Any CPU
		{3EC72D62-6EC6-4334-9743-CAA9B035AB14}.Debug|Any CPU.ActiveCfg = Debug|Any CPU
		{3EC72D62-6EC6-4334-9743-CAA9B035AB14}.Debug|Any CPU.Build.0 = Debug|Any CPU
		{3EC72D62-6EC6-4334-9743-CAA9B035AB14}.Release|Any CPU.ActiveCfg = Release|Any CPU
		{3EC72D62-6EC6-4334-9743-CAA9B035AB14}.Release|Any CPU.Build.0 = Release|Any CPU
		{1C33FF73-602B-4C5B-A9C2-B224CE5C77A0}.Debug|Any CPU.ActiveCfg = Debug|Any CPU
		{1C33FF73-602B-4C5B-A9C2-B224CE5C77A0}.Debug|Any CPU.Build.0 = Debug|Any CPU
		{1C33FF73-602B-4C5B-A9C2-B224CE5C77A0}.Release|Any CPU.ActiveCfg = Release|Any CPU
		{1C33FF73-602B-4C5B-A9C2-B224CE5C77A0}.Release|Any CPU.Build.0 = Release|Any CPU
		{FF689A08-3F30-45C6-A3A4-C61C31633700}.Debug|Any CPU.ActiveCfg = Debug|Any CPU
		{FF689A08-3F30-45C6-A3A4-C61C31633700}.Debug|Any CPU.Build.0 = Debug|Any CPU
		{FF689A08-3F30-45C6-A3A4-C61C31633700}.Release|Any CPU.ActiveCfg = Release|Any CPU
		{FF689A08-3F30-45C6-A3A4-C61C31633700}.Release|Any CPU.Build.0 = Release|Any CPU
		{BE2B1296-84DB-4016-9414-3B5023A7922B}.Debug|Any CPU.ActiveCfg = Debug|Any CPU
		{BE2B1296-84DB-4016-9414-3B5023A7922B}.Debug|Any CPU.Build.0 = Debug|Any CPU
		{BE2B1296-84DB-4016-9414-3B5023A7922B}.Release|Any CPU.ActiveCfg = Release|Any CPU
		{BE2B1296-84DB-4016-9414-3B5023A7922B}.Release|Any CPU.Build.0 = Release|Any CPU
		{98559E8A-2C75-448F-915B-F067A13CC9EA}.Debug|Any CPU.ActiveCfg = Debug|Any CPU
		{98559E8A-2C75-448F-915B-F067A13CC9EA}.Debug|Any CPU.Build.0 = Debug|Any CPU
		{98559E8A-2C75-448F-915B-F067A13CC9EA}.Release|Any CPU.ActiveCfg = Release|Any CPU
		{98559E8A-2C75-448F-915B-F067A13CC9EA}.Release|Any CPU.Build.0 = Release|Any CPU
		{4F871614-91A9-47AE-88AF-8CAF519B6F3C}.Debug|Any CPU.ActiveCfg = Debug|Any CPU
		{4F871614-91A9-47AE-88AF-8CAF519B6F3C}.Debug|Any CPU.Build.0 = Debug|Any CPU
		{4F871614-91A9-47AE-88AF-8CAF519B6F3C}.Release|Any CPU.ActiveCfg = Release|Any CPU
		{4F871614-91A9-47AE-88AF-8CAF519B6F3C}.Release|Any CPU.Build.0 = Release|Any CPU
		{D44E3729-33F0-4A28-9E92-185071567A6A}.Debug|Any CPU.ActiveCfg = Debug|Any CPU
		{D44E3729-33F0-4A28-9E92-185071567A6A}.Debug|Any CPU.Build.0 = Debug|Any CPU
		{D44E3729-33F0-4A28-9E92-185071567A6A}.Release|Any CPU.ActiveCfg = Release|Any CPU
		{D44E3729-33F0-4A28-9E92-185071567A6A}.Release|Any CPU.Build.0 = Release|Any CPU
		{A5D85D50-D1A6-404A-A275-8D002F8C997E}.Debug|Any CPU.ActiveCfg = Debug|Any CPU
		{A5D85D50-D1A6-404A-A275-8D002F8C997E}.Debug|Any CPU.Build.0 = Debug|Any CPU
		{A5D85D50-D1A6-404A-A275-8D002F8C997E}.Release|Any CPU.ActiveCfg = Release|Any CPU
		{A5D85D50-D1A6-404A-A275-8D002F8C997E}.Release|Any CPU.Build.0 = Release|Any CPU
		{D7E34D68-5B70-4976-83FD-5E57C87D6605}.Debug|Any CPU.ActiveCfg = Debug|Any CPU
		{D7E34D68-5B70-4976-83FD-5E57C87D6605}.Debug|Any CPU.Build.0 = Debug|Any CPU
		{D7E34D68-5B70-4976-83FD-5E57C87D6605}.Release|Any CPU.ActiveCfg = Release|Any CPU
		{D7E34D68-5B70-4976-83FD-5E57C87D6605}.Release|Any CPU.Build.0 = Release|Any CPU
		{BA96B1B7-06EB-4749-A505-4F7BA7EF07E3}.Debug|Any CPU.ActiveCfg = Debug|Any CPU
		{BA96B1B7-06EB-4749-A505-4F7BA7EF07E3}.Debug|Any CPU.Build.0 = Debug|Any CPU
		{BA96B1B7-06EB-4749-A505-4F7BA7EF07E3}.Release|Any CPU.ActiveCfg = Release|Any CPU
		{BA96B1B7-06EB-4749-A505-4F7BA7EF07E3}.Release|Any CPU.Build.0 = Release|Any CPU
	EndGlobalSection
	GlobalSection(SolutionProperties) = preSolution
		HideSolutionNode = FALSE
	EndGlobalSection
EndGlobal
